
Microsoft Visual Studio Solution File, Format Version 12.00
# Visual Studio Version 17
VisualStudioVersion = 17.9.34728.123
MinimumVisualStudioVersion = 10.0.40219.1
Project("{FAE04EC0-301F-11D3-BF4B-00C04F79EFBC}") = "gRPS_Math_Server", "gRPS_Math_Server\gRPS_Math_Server.csproj", "{05068D49-1970-4513-B758-9123742FC288}"
EndProject
Global
	GlobalSection(SolutionConfigurationPlatforms) = preSolution
		Debug|Any CPU = Debug|Any CPU
		Release|Any CPU = Release|Any CPU
	EndGlobalSection
	GlobalSection(ProjectConfigurationPlatforms) = postSolution
		{05068D49-1970-4513-B758-9123742FC288}.Debug|Any CPU.ActiveCfg = Debug|Any CPU
		{05068D49-1970-4513-B758-9123742FC288}.Debug|Any CPU.Build.0 = Debug|Any CPU
		{05068D49-1970-4513-B758-9123742FC288}.Release|Any CPU.ActiveCfg = Release|Any CPU
		{05068D49-1970-4513-B758-9123742FC288}.Release|Any CPU.Build.0 = Release|Any CPU
	EndGlobalSection
	GlobalSection(SolutionProperties) = preSolution
		HideSolutionNode = FALSE
	EndGlobalSection
	GlobalSection(ExtensibilityGlobals) = postSolution
		SolutionGuid = {8869F21A-86C7-4201-A96D-630968837866}
	EndGlobalSection
EndGlobal
